
Microsoft Visual Studio Solution File, Format Version 12.00
# Visual Studio Version 17
VisualStudioVersion = 17.7.34202.233
MinimumVisualStudioVersion = 10.0.40219.1
Project("{FAE04EC0-301F-11D3-BF4B-00C04F79EFBC}") = "PC-STORE", "PC-STORE.csproj", "{73ADDF14-74A3-46DA-8BA8-6585F052810A}"
EndProject
Project("{FAE04EC0-301F-11D3-BF4B-00C04F79EFBC}") = "PC-STORE.BL", "..\PC-STORE.BL\PC-STORE.BL.csproj", "{2F25C87F-F3F8-4EF9-8B56-45CD21D57A18}"
EndProject
Project("{FAE04EC0-301F-11D3-BF4B-00C04F79EFBC}") = "PC-STORE.MODELS", "..\PC-STORE.MODELS\PC-STORE.MODELS.csproj", "{4D0119C6-E94F-4B7B-A9F5-8E7F67865FFD}"
EndProject
Project("{FAE04EC0-301F-11D3-BF4B-00C04F79EFBC}") = "PC-STORE.DL2", "..\PC-STORE.DL2\PC-STORE.DL2.csproj", "{EF8557EC-6E3D-48AF-8AC6-AA964151F8E1}"
EndProject
Project("{FAE04EC0-301F-11D3-BF4B-00C04F79EFBC}") = "BL.Service.Test", "..\BL.Service.Test\BL.Service.Test.csproj", "{E1A582FB-1BEC-42B9-911A-AA4024424F43}"
EndProject
Global
	GlobalSection(SolutionConfigurationPlatforms) = preSolution
		Debug|Any CPU = Debug|Any CPU
		Release|Any CPU = Release|Any CPU
	EndGlobalSection
	GlobalSection(ProjectConfigurationPlatforms) = postSolution
		{73ADDF14-74A3-46DA-8BA8-6585F052810A}.Debug|Any CPU.ActiveCfg = Debug|Any CPU
		{73ADDF14-74A3-46DA-8BA8-6585F052810A}.Debug|Any CPU.Build.0 = Debug|Any CPU
		{73ADDF14-74A3-46DA-8BA8-6585F052810A}.Release|Any CPU.ActiveCfg = Release|Any CPU
		{73ADDF14-74A3-46DA-8BA8-6585F052810A}.Release|Any CPU.Build.0 = Release|Any CPU
		{2F25C87F-F3F8-4EF9-8B56-45CD21D57A18}.Debug|Any CPU.ActiveCfg = Debug|Any CPU
		{2F25C87F-F3F8-4EF9-8B56-45CD21D57A18}.Debug|Any CPU.Build.0 = Debug|Any CPU
		{2F25C87F-F3F8-4EF9-8B56-45CD21D57A18}.Release|Any CPU.ActiveCfg = Release|Any CPU
		{2F25C87F-F3F8-4EF9-8B56-45CD21D57A18}.Release|Any CPU.Build.0 = Release|Any CPU
		{4D0119C6-E94F-4B7B-A9F5-8E7F67865FFD}.Debug|Any CPU.ActiveCfg = Debug|Any CPU
		{4D0119C6-E94F-4B7B-A9F5-8E7F67865FFD}.Debug|Any CPU.Build.0 = Debug|Any CPU
		{4D0119C6-E94F-4B7B-A9F5-8E7F67865FFD}.Release|Any CPU.ActiveCfg = Release|Any CPU
		{4D0119C6-E94F-4B7B-A9F5-8E7F67865FFD}.Release|Any CPU.Build.0 = Release|Any CPU
		{EF8557EC-6E3D-48AF-8AC6-AA964151F8E1}.Debug|Any CPU.ActiveCfg = Debug|Any CPU
		{EF8557EC-6E3D-48AF-8AC6-AA964151F8E1}.Debug|Any CPU.Build.0 = Debug|Any CPU
		{EF8557EC-6E3D-48AF-8AC6-AA964151F8E1}.Release|Any CPU.ActiveCfg = Release|Any CPU
		{EF8557EC-6E3D-48AF-8AC6-AA964151F8E1}.Release|Any CPU.Build.0 = Release|Any CPU
		{E1A582FB-1BEC-42B9-911A-AA4024424F43}.Debug|Any CPU.ActiveCfg = Debug|Any CPU
		{E1A582FB-1BEC-42B9-911A-AA4024424F43}.Debug|Any CPU.Build.0 = Debug|Any CPU
		{E1A582FB-1BEC-42B9-911A-AA4024424F43}.Release|Any CPU.ActiveCfg = Release|Any CPU
		{E1A582FB-1BEC-42B9-911A-AA4024424F43}.Release|Any CPU.Build.0 = Release|Any CPU
	EndGlobalSection
	GlobalSection(SolutionProperties) = preSolution
		HideSolutionNode = FALSE
	EndGlobalSection
	GlobalSection(ExtensibilityGlobals) = postSolution
		SolutionGuid = {68CC6ABD-C69E-4A8E-A0CA-686572266CC3}
	EndGlobalSection
EndGlobal
